
Microsoft Visual Studio Solution File, Format Version 12.00
# Visual Studio Version 16
VisualStudioVersion = 16.0.30503.244
MinimumVisualStudioVersion = 10.0.40219.1
Project("{8BC9CEB8-8B4A-11D0-8D11-00A0C91BC942}") = "Baekjoon", "Baekjoon\Baekjoon.vcxproj", "{3A94BF87-00DF-4283-98B3-08755B6AA25A}"
EndProject
Project("{2150E333-8FDC-42A3-9474-1A3956D46DE8}") = "단계 5 - 1차원 배열", "단계 5 - 1차원 배열", "{E7DB7FD8-75C2-4EE6-9B47-629C3D38A9C6}"
EndProject
Project("{2150E333-8FDC-42A3-9474-1A3956D46DE8}") = "단계 6 - 함수", "단계 6 - 함수", "{CE2657CA-ADDC-4553-8BDB-5CB6092E021F}"
EndProject
Project("{8BC9CEB8-8B4A-11D0-8D11-00A0C91BC942}") = "15596_정수_N개의_합", "15596_정수_N개의_합\15596_정수_N개의_합.vcxproj", "{C67A312D-8971-4B9F-857C-037B5546320E}"
EndProject
Project("{8BC9CEB8-8B4A-11D0-8D11-00A0C91BC942}") = "3052_나머지", "3052_나머지\3052_나머지.vcxproj", "{1323706B-332B-4519-88BF-15C1CD15031A}"
EndProject
Project("{8BC9CEB8-8B4A-11D0-8D11-00A0C91BC942}") = "8958_OX퀴즈", "8958_OX퀴즈\8958_OX퀴즈.vcxproj", "{A2BD4674-1E00-406C-A3C8-C8F6BE1284BE}"
EndProject
Project("{8BC9CEB8-8B4A-11D0-8D11-00A0C91BC942}") = "4673_셀프_넘버", "4673_셀프_넘버\4673_셀프_넘버.vcxproj", "{B79A48A9-4BD3-4676-ABD1-4D2171E54625}"
EndProject
Project("{2150E333-8FDC-42A3-9474-1A3956D46DE8}") = "삼성 SW 역량 테스트 기출 문제", "삼성 SW 역량 테스트 기출 문제", "{F0F1EA95-C250-45DC-95DF-F4432C76EF57}"
EndProject
Project("{8BC9CEB8-8B4A-11D0-8D11-00A0C91BC942}") = "16235_나무_재테크", "16235_나무_재테크\16235_나무_재테크.vcxproj", "{B8EF7F58-868D-477D-97B3-3869C923BFE5}"
EndProject
Project("{8BC9CEB8-8B4A-11D0-8D11-00A0C91BC942}") = "1065_한수", "1065_한수\1065_한수.vcxproj", "{32FF3B62-C184-46C6-AD62-DDCF7961BC80}"
EndProject
Project("{2150E333-8FDC-42A3-9474-1A3956D46DE8}") = "단계 7 - 문자열", "단계 7 - 문자열", "{83BDAA3D-F1C0-4EFC-A660-690552F61E04}"
EndProject
Project("{8BC9CEB8-8B4A-11D0-8D11-00A0C91BC942}") = "11654_아스키_코드", "11654_아스키_코드\11654_아스키_코드.vcxproj", "{808A8D41-A193-485F-805B-9B4A744F7788}"
EndProject
Project("{8BC9CEB8-8B4A-11D0-8D11-00A0C91BC942}") = "10809_알파벳_찾기", "10809_알파벳_찾기\10809_알파벳_찾기.vcxproj", "{8480B00E-4FC2-4C07-B987-47FB02FDB1F6}"
EndProject
Project("{8BC9CEB8-8B4A-11D0-8D11-00A0C91BC942}") = "2675_문자열_반복", "2675_문자열_반복\2675_문자열_반복.vcxproj", "{72B53B1B-CB06-4422-9FAB-1B58FFCE8F61}"
EndProject
Project("{8BC9CEB8-8B4A-11D0-8D11-00A0C91BC942}") = "1157_단어_공부", "1157_단어_공부\1157_단어_공부.vcxproj", "{36302B7D-3BD0-4F91-981C-17C3AB62FFA1}"
EndProject
Project("{8BC9CEB8-8B4A-11D0-8D11-00A0C91BC942}") = "1152_단어의_개수", "1152_단어의_개수\1152_단어의_개수.vcxproj", "{62005CA4-8BE0-45C3-B3FF-73F929998380}"
EndProject
Project("{8BC9CEB8-8B4A-11D0-8D11-00A0C91BC942}") = "2908_상수", "2908_상수\2908_상수.vcxproj", "{68FDCA68-6C03-4973-8ED7-37EDE64E77CF}"
EndProject
Project("{8BC9CEB8-8B4A-11D0-8D11-00A0C91BC942}") = "5622_다이얼", "5622_다이얼\5622_다이얼.vcxproj", "{E1468F79-F229-4FCC-8B76-1E860926582D}"
EndProject
Project("{8BC9CEB8-8B4A-11D0-8D11-00A0C91BC942}") = "2941_크로아티아_알파벳", "2941_크로아티아_알파벳\2941_크로아티아_알파벳.vcxproj", "{1A0EBA80-6B97-4E10-9DAB-10FFD82E0BFC}"
EndProject
Project("{8BC9CEB8-8B4A-11D0-8D11-00A0C91BC942}") = "1316_그룹_단어_체커", "1316_그룹_단어_체커\1316_그룹_단어_체커.vcxproj", "{A9C5CE8C-300F-48A7-B45D-F20F783CB480}"
EndProject
Project("{2150E333-8FDC-42A3-9474-1A3956D46DE8}") = "단계 8 - 수학 1", "단계 8 - 수학 1", "{33255CA3-DEE3-4281-9A49-AC1267D648F5}"
EndProject
Project("{8BC9CEB8-8B4A-11D0-8D11-00A0C91BC942}") = "1712_손익분기점", "1712_손익분기점\1712_손익분기점.vcxproj", "{2CF939D8-9283-4E70-AF82-A4CA2C26CC8B}"
EndProject
Project("{8BC9CEB8-8B4A-11D0-8D11-00A0C91BC942}") = "2839_설탕_배달", "2839_설탕_배달\2839_설탕_배달.vcxproj", "{64DE0B94-760D-4385-8664-BDE02CCAC35C}"
EndProject
Project("{8BC9CEB8-8B4A-11D0-8D11-00A0C91BC942}") = "2292_벌집", "2292_벌집\2292_벌집.vcxproj", "{7640323A-A7F0-4DB9-9190-557A044234BB}"
EndProject
Project("{8BC9CEB8-8B4A-11D0-8D11-00A0C91BC942}") = "1193_분수찾기", "1193_분수찾기\1193_분수찾기.vcxproj", "{B979E525-E4AC-4001-9F52-7CB26EDFEB7D}"
EndProject
Project("{8BC9CEB8-8B4A-11D0-8D11-00A0C91BC942}") = "2869_달팽이는_올라가고_싶다", "2869_달팽이는_올라가고_싶다\2869_달팽이는_올라가고_싶다.vcxproj", "{C198F8A6-4817-4561-AAA3-035F918A07CF}"
EndProject
Project("{8BC9CEB8-8B4A-11D0-8D11-00A0C91BC942}") = "10250_ACM_호텔", "10250_ACM_호텔\10250_ACM_호텔.vcxproj", "{CC7E090D-866F-4DED-BE79-622567558841}"
EndProject
Global
	GlobalSection(SolutionConfigurationPlatforms) = preSolution
		Debug|x64 = Debug|x64
		Debug|x86 = Debug|x86
		Release|x64 = Release|x64
		Release|x86 = Release|x86
	EndGlobalSection
	GlobalSection(ProjectConfigurationPlatforms) = postSolution
		{3A94BF87-00DF-4283-98B3-08755B6AA25A}.Debug|x64.ActiveCfg = Debug|x64
		{3A94BF87-00DF-4283-98B3-08755B6AA25A}.Debug|x64.Build.0 = Debug|x64
		{3A94BF87-00DF-4283-98B3-08755B6AA25A}.Debug|x86.ActiveCfg = Debug|Win32
		{3A94BF87-00DF-4283-98B3-08755B6AA25A}.Debug|x86.Build.0 = Debug|Win32
		{3A94BF87-00DF-4283-98B3-08755B6AA25A}.Release|x64.ActiveCfg = Release|x64
		{3A94BF87-00DF-4283-98B3-08755B6AA25A}.Release|x64.Build.0 = Release|x64
		{3A94BF87-00DF-4283-98B3-08755B6AA25A}.Release|x86.ActiveCfg = Release|Win32
		{3A94BF87-00DF-4283-98B3-08755B6AA25A}.Release|x86.Build.0 = Release|Win32
		{C67A312D-8971-4B9F-857C-037B5546320E}.Debug|x64.ActiveCfg = Debug|x64
		{C67A312D-8971-4B9F-857C-037B5546320E}.Debug|x64.Build.0 = Debug|x64
		{C67A312D-8971-4B9F-857C-037B5546320E}.Debug|x86.ActiveCfg = Debug|Win32
		{C67A312D-8971-4B9F-857C-037B5546320E}.Debug|x86.Build.0 = Debug|Win32
		{C67A312D-8971-4B9F-857C-037B5546320E}.Release|x64.ActiveCfg = Release|x64
		{C67A312D-8971-4B9F-857C-037B5546320E}.Release|x64.Build.0 = Release|x64
		{C67A312D-8971-4B9F-857C-037B5546320E}.Release|x86.ActiveCfg = Release|Win32
		{C67A312D-8971-4B9F-857C-037B5546320E}.Release|x86.Build.0 = Release|Win32
		{1323706B-332B-4519-88BF-15C1CD15031A}.Debug|x64.ActiveCfg = Debug|x64
		{1323706B-332B-4519-88BF-15C1CD15031A}.Debug|x64.Build.0 = Debug|x64
		{1323706B-332B-4519-88BF-15C1CD15031A}.Debug|x86.ActiveCfg = Debug|Win32
		{1323706B-332B-4519-88BF-15C1CD15031A}.Debug|x86.Build.0 = Debug|Win32
		{1323706B-332B-4519-88BF-15C1CD15031A}.Release|x64.ActiveCfg = Release|x64
		{1323706B-332B-4519-88BF-15C1CD15031A}.Release|x64.Build.0 = Release|x64
		{1323706B-332B-4519-88BF-15C1CD15031A}.Release|x86.ActiveCfg = Release|Win32
		{1323706B-332B-4519-88BF-15C1CD15031A}.Release|x86.Build.0 = Release|Win32
		{A2BD4674-1E00-406C-A3C8-C8F6BE1284BE}.Debug|x64.ActiveCfg = Debug|x64
		{A2BD4674-1E00-406C-A3C8-C8F6BE1284BE}.Debug|x64.Build.0 = Debug|x64
		{A2BD4674-1E00-406C-A3C8-C8F6BE1284BE}.Debug|x86.ActiveCfg = Debug|Win32
		{A2BD4674-1E00-406C-A3C8-C8F6BE1284BE}.Debug|x86.Build.0 = Debug|Win32
		{A2BD4674-1E00-406C-A3C8-C8F6BE1284BE}.Release|x64.ActiveCfg = Release|x64
		{A2BD4674-1E00-406C-A3C8-C8F6BE1284BE}.Release|x64.Build.0 = Release|x64
		{A2BD4674-1E00-406C-A3C8-C8F6BE1284BE}.Release|x86.ActiveCfg = Release|Win32
		{A2BD4674-1E00-406C-A3C8-C8F6BE1284BE}.Release|x86.Build.0 = Release|Win32
		{B79A48A9-4BD3-4676-ABD1-4D2171E54625}.Debug|x64.ActiveCfg = Debug|x64
		{B79A48A9-4BD3-4676-ABD1-4D2171E54625}.Debug|x64.Build.0 = Debug|x64
		{B79A48A9-4BD3-4676-ABD1-4D2171E54625}.Debug|x86.ActiveCfg = Debug|Win32
		{B79A48A9-4BD3-4676-ABD1-4D2171E54625}.Debug|x86.Build.0 = Debug|Win32
		{B79A48A9-4BD3-4676-ABD1-4D2171E54625}.Release|x64.ActiveCfg = Release|x64
		{B79A48A9-4BD3-4676-ABD1-4D2171E54625}.Release|x64.Build.0 = Release|x64
		{B79A48A9-4BD3-4676-ABD1-4D2171E54625}.Release|x86.ActiveCfg = Release|Win32
		{B79A48A9-4BD3-4676-ABD1-4D2171E54625}.Release|x86.Build.0 = Release|Win32
		{B8EF7F58-868D-477D-97B3-3869C923BFE5}.Debug|x64.ActiveCfg = Debug|x64
		{B8EF7F58-868D-477D-97B3-3869C923BFE5}.Debug|x64.Build.0 = Debug|x64
		{B8EF7F58-868D-477D-97B3-3869C923BFE5}.Debug|x86.ActiveCfg = Debug|Win32
		{B8EF7F58-868D-477D-97B3-3869C923BFE5}.Debug|x86.Build.0 = Debug|Win32
		{B8EF7F58-868D-477D-97B3-3869C923BFE5}.Release|x64.ActiveCfg = Release|x64
		{B8EF7F58-868D-477D-97B3-3869C923BFE5}.Release|x64.Build.0 = Release|x64
		{B8EF7F58-868D-477D-97B3-3869C923BFE5}.Release|x86.ActiveCfg = Release|Win32
		{B8EF7F58-868D-477D-97B3-3869C923BFE5}.Release|x86.Build.0 = Release|Win32
		{32FF3B62-C184-46C6-AD62-DDCF7961BC80}.Debug|x64.ActiveCfg = Debug|x64
		{32FF3B62-C184-46C6-AD62-DDCF7961BC80}.Debug|x64.Build.0 = Debug|x64
		{32FF3B62-C184-46C6-AD62-DDCF7961BC80}.Debug|x86.ActiveCfg = Debug|Win32
		{32FF3B62-C184-46C6-AD62-DDCF7961BC80}.Debug|x86.Build.0 = Debug|Win32
		{32FF3B62-C184-46C6-AD62-DDCF7961BC80}.Release|x64.ActiveCfg = Release|x64
		{32FF3B62-C184-46C6-AD62-DDCF7961BC80}.Release|x64.Build.0 = Release|x64
		{32FF3B62-C184-46C6-AD62-DDCF7961BC80}.Release|x86.ActiveCfg = Release|Win32
		{32FF3B62-C184-46C6-AD62-DDCF7961BC80}.Release|x86.Build.0 = Release|Win32
		{808A8D41-A193-485F-805B-9B4A744F7788}.Debug|x64.ActiveCfg = Debug|x64
		{808A8D41-A193-485F-805B-9B4A744F7788}.Debug|x64.Build.0 = Debug|x64
		{808A8D41-A193-485F-805B-9B4A744F7788}.Debug|x86.ActiveCfg = Debug|Win32
		{808A8D41-A193-485F-805B-9B4A744F7788}.Debug|x86.Build.0 = Debug|Win32
		{808A8D41-A193-485F-805B-9B4A744F7788}.Release|x64.ActiveCfg = Release|x64
		{808A8D41-A193-485F-805B-9B4A744F7788}.Release|x64.Build.0 = Release|x64
		{808A8D41-A193-485F-805B-9B4A744F7788}.Release|x86.ActiveCfg = Release|Win32
		{808A8D41-A193-485F-805B-9B4A744F7788}.Release|x86.Build.0 = Release|Win32
		{8480B00E-4FC2-4C07-B987-47FB02FDB1F6}.Debug|x64.ActiveCfg = Debug|x64
		{8480B00E-4FC2-4C07-B987-47FB02FDB1F6}.Debug|x64.Build.0 = Debug|x64
		{8480B00E-4FC2-4C07-B987-47FB02FDB1F6}.Debug|x86.ActiveCfg = Debug|Win32
		{8480B00E-4FC2-4C07-B987-47FB02FDB1F6}.Debug|x86.Build.0 = Debug|Win32
		{8480B00E-4FC2-4C07-B987-47FB02FDB1F6}.Release|x64.ActiveCfg = Release|x64
		{8480B00E-4FC2-4C07-B987-47FB02FDB1F6}.Release|x64.Build.0 = Release|x64
		{8480B00E-4FC2-4C07-B987-47FB02FDB1F6}.Release|x86.ActiveCfg = Release|Win32
		{8480B00E-4FC2-4C07-B987-47FB02FDB1F6}.Release|x86.Build.0 = Release|Win32
		{72B53B1B-CB06-4422-9FAB-1B58FFCE8F61}.Debug|x64.ActiveCfg = Debug|x64
		{72B53B1B-CB06-4422-9FAB-1B58FFCE8F61}.Debug|x64.Build.0 = Debug|x64
		{72B53B1B-CB06-4422-9FAB-1B58FFCE8F61}.Debug|x86.ActiveCfg = Debug|Win32
		{72B53B1B-CB06-4422-9FAB-1B58FFCE8F61}.Debug|x86.Build.0 = Debug|Win32
		{72B53B1B-CB06-4422-9FAB-1B58FFCE8F61}.Release|x64.ActiveCfg = Release|x64
		{72B53B1B-CB06-4422-9FAB-1B58FFCE8F61}.Release|x64.Build.0 = Release|x64
		{72B53B1B-CB06-4422-9FAB-1B58FFCE8F61}.Release|x86.ActiveCfg = Release|Win32
		{72B53B1B-CB06-4422-9FAB-1B58FFCE8F61}.Release|x86.Build.0 = Release|Win32
		{36302B7D-3BD0-4F91-981C-17C3AB62FFA1}.Debug|x64.ActiveCfg = Debug|x64
		{36302B7D-3BD0-4F91-981C-17C3AB62FFA1}.Debug|x64.Build.0 = Debug|x64
		{36302B7D-3BD0-4F91-981C-17C3AB62FFA1}.Debug|x86.ActiveCfg = Debug|Win32
		{36302B7D-3BD0-4F91-981C-17C3AB62FFA1}.Debug|x86.Build.0 = Debug|Win32
		{36302B7D-3BD0-4F91-981C-17C3AB62FFA1}.Release|x64.ActiveCfg = Release|x64
		{36302B7D-3BD0-4F91-981C-17C3AB62FFA1}.Release|x64.Build.0 = Release|x64
		{36302B7D-3BD0-4F91-981C-17C3AB62FFA1}.Release|x86.ActiveCfg = Release|Win32
		{36302B7D-3BD0-4F91-981C-17C3AB62FFA1}.Release|x86.Build.0 = Release|Win32
		{62005CA4-8BE0-45C3-B3FF-73F929998380}.Debug|x64.ActiveCfg = Debug|x64
		{62005CA4-8BE0-45C3-B3FF-73F929998380}.Debug|x64.Build.0 = Debug|x64
		{62005CA4-8BE0-45C3-B3FF-73F929998380}.Debug|x86.ActiveCfg = Debug|Win32
		{62005CA4-8BE0-45C3-B3FF-73F929998380}.Debug|x86.Build.0 = Debug|Win32
		{62005CA4-8BE0-45C3-B3FF-73F929998380}.Release|x64.ActiveCfg = Release|x64
		{62005CA4-8BE0-45C3-B3FF-73F929998380}.Release|x64.Build.0 = Release|x64
		{62005CA4-8BE0-45C3-B3FF-73F929998380}.Release|x86.ActiveCfg = Release|Win32
		{62005CA4-8BE0-45C3-B3FF-73F929998380}.Release|x86.Build.0 = Release|Win32
		{68FDCA68-6C03-4973-8ED7-37EDE64E77CF}.Debug|x64.ActiveCfg = Debug|x64
		{68FDCA68-6C03-4973-8ED7-37EDE64E77CF}.Debug|x64.Build.0 = Debug|x64
		{68FDCA68-6C03-4973-8ED7-37EDE64E77CF}.Debug|x86.ActiveCfg = Debug|Win32
		{68FDCA68-6C03-4973-8ED7-37EDE64E77CF}.Debug|x86.Build.0 = Debug|Win32
		{68FDCA68-6C03-4973-8ED7-37EDE64E77CF}.Release|x64.ActiveCfg = Release|x64
		{68FDCA68-6C03-4973-8ED7-37EDE64E77CF}.Release|x64.Build.0 = Release|x64
		{68FDCA68-6C03-4973-8ED7-37EDE64E77CF}.Release|x86.ActiveCfg = Release|Win32
		{68FDCA68-6C03-4973-8ED7-37EDE64E77CF}.Release|x86.Build.0 = Release|Win32
		{E1468F79-F229-4FCC-8B76-1E860926582D}.Debug|x64.ActiveCfg = Debug|x64
		{E1468F79-F229-4FCC-8B76-1E860926582D}.Debug|x64.Build.0 = Debug|x64
		{E1468F79-F229-4FCC-8B76-1E860926582D}.Debug|x86.ActiveCfg = Debug|Win32
		{E1468F79-F229-4FCC-8B76-1E860926582D}.Debug|x86.Build.0 = Debug|Win32
		{E1468F79-F229-4FCC-8B76-1E860926582D}.Release|x64.ActiveCfg = Release|x64
		{E1468F79-F229-4FCC-8B76-1E860926582D}.Release|x64.Build.0 = Release|x64
		{E1468F79-F229-4FCC-8B76-1E860926582D}.Release|x86.ActiveCfg = Release|Win32
		{E1468F79-F229-4FCC-8B76-1E860926582D}.Release|x86.Build.0 = Release|Win32
		{1A0EBA80-6B97-4E10-9DAB-10FFD82E0BFC}.Debug|x64.ActiveCfg = Debug|x64
		{1A0EBA80-6B97-4E10-9DAB-10FFD82E0BFC}.Debug|x64.Build.0 = Debug|x64
		{1A0EBA80-6B97-4E10-9DAB-10FFD82E0BFC}.Debug|x86.ActiveCfg = Debug|Win32
		{1A0EBA80-6B97-4E10-9DAB-10FFD82E0BFC}.Debug|x86.Build.0 = Debug|Win32
		{1A0EBA80-6B97-4E10-9DAB-10FFD82E0BFC}.Release|x64.ActiveCfg = Release|x64
		{1A0EBA80-6B97-4E10-9DAB-10FFD82E0BFC}.Release|x64.Build.0 = Release|x64
		{1A0EBA80-6B97-4E10-9DAB-10FFD82E0BFC}.Release|x86.ActiveCfg = Release|Win32
		{1A0EBA80-6B97-4E10-9DAB-10FFD82E0BFC}.Release|x86.Build.0 = Release|Win32
		{A9C5CE8C-300F-48A7-B45D-F20F783CB480}.Debug|x64.ActiveCfg = Debug|x64
		{A9C5CE8C-300F-48A7-B45D-F20F783CB480}.Debug|x64.Build.0 = Debug|x64
		{A9C5CE8C-300F-48A7-B45D-F20F783CB480}.Debug|x86.ActiveCfg = Debug|Win32
		{A9C5CE8C-300F-48A7-B45D-F20F783CB480}.Debug|x86.Build.0 = Debug|Win32
		{A9C5CE8C-300F-48A7-B45D-F20F783CB480}.Release|x64.ActiveCfg = Release|x64
		{A9C5CE8C-300F-48A7-B45D-F20F783CB480}.Release|x64.Build.0 = Release|x64
		{A9C5CE8C-300F-48A7-B45D-F20F783CB480}.Release|x86.ActiveCfg = Release|Win32
		{A9C5CE8C-300F-48A7-B45D-F20F783CB480}.Release|x86.Build.0 = Release|Win32
		{2CF939D8-9283-4E70-AF82-A4CA2C26CC8B}.Debug|x64.ActiveCfg = Debug|x64
		{2CF939D8-9283-4E70-AF82-A4CA2C26CC8B}.Debug|x64.Build.0 = Debug|x64
		{2CF939D8-9283-4E70-AF82-A4CA2C26CC8B}.Debug|x86.ActiveCfg = Debug|Win32
		{2CF939D8-9283-4E70-AF82-A4CA2C26CC8B}.Debug|x86.Build.0 = Debug|Win32
		{2CF939D8-9283-4E70-AF82-A4CA2C26CC8B}.Release|x64.ActiveCfg = Release|x64
		{2CF939D8-9283-4E70-AF82-A4CA2C26CC8B}.Release|x64.Build.0 = Release|x64
		{2CF939D8-9283-4E70-AF82-A4CA2C26CC8B}.Release|x86.ActiveCfg = Release|Win32
		{2CF939D8-9283-4E70-AF82-A4CA2C26CC8B}.Release|x86.Build.0 = Release|Win32
		{64DE0B94-760D-4385-8664-BDE02CCAC35C}.Debug|x64.ActiveCfg = Debug|x64
		{64DE0B94-760D-4385-8664-BDE02CCAC35C}.Debug|x64.Build.0 = Debug|x64
		{64DE0B94-760D-4385-8664-BDE02CCAC35C}.Debug|x86.ActiveCfg = Debug|Win32
		{64DE0B94-760D-4385-8664-BDE02CCAC35C}.Debug|x86.Build.0 = Debug|Win32
		{64DE0B94-760D-4385-8664-BDE02CCAC35C}.Release|x64.ActiveCfg = Release|x64
		{64DE0B94-760D-4385-8664-BDE02CCAC35C}.Release|x64.Build.0 = Release|x64
		{64DE0B94-760D-4385-8664-BDE02CCAC35C}.Release|x86.ActiveCfg = Release|Win32
		{64DE0B94-760D-4385-8664-BDE02CCAC35C}.Release|x86.Build.0 = Release|Win32
		{7640323A-A7F0-4DB9-9190-557A044234BB}.Debug|x64.ActiveCfg = Debug|x64
		{7640323A-A7F0-4DB9-9190-557A044234BB}.Debug|x64.Build.0 = Debug|x64
		{7640323A-A7F0-4DB9-9190-557A044234BB}.Debug|x86.ActiveCfg = Debug|Win32
		{7640323A-A7F0-4DB9-9190-557A044234BB}.Debug|x86.Build.0 = Debug|Win32
		{7640323A-A7F0-4DB9-9190-557A044234BB}.Release|x64.ActiveCfg = Release|x64
		{7640323A-A7F0-4DB9-9190-557A044234BB}.Release|x64.Build.0 = Release|x64
		{7640323A-A7F0-4DB9-9190-557A044234BB}.Release|x86.ActiveCfg = Release|Win32
		{7640323A-A7F0-4DB9-9190-557A044234BB}.Release|x86.Build.0 = Release|Win32
		{B979E525-E4AC-4001-9F52-7CB26EDFEB7D}.Debug|x64.ActiveCfg = Debug|x64
		{B979E525-E4AC-4001-9F52-7CB26EDFEB7D}.Debug|x64.Build.0 = Debug|x64
		{B979E525-E4AC-4001-9F52-7CB26EDFEB7D}.Debug|x86.ActiveCfg = Debug|Win32
		{B979E525-E4AC-4001-9F52-7CB26EDFEB7D}.Debug|x86.Build.0 = Debug|Win32
		{B979E525-E4AC-4001-9F52-7CB26EDFEB7D}.Release|x64.ActiveCfg = Release|x64
		{B979E525-E4AC-4001-9F52-7CB26EDFEB7D}.Release|x64.Build.0 = Release|x64
		{B979E525-E4AC-4001-9F52-7CB26EDFEB7D}.Release|x86.ActiveCfg = Release|Win32
		{B979E525-E4AC-4001-9F52-7CB26EDFEB7D}.Release|x86.Build.0 = Release|Win32
		{C198F8A6-4817-4561-AAA3-035F918A07CF}.Debug|x64.ActiveCfg = Debug|x64
		{C198F8A6-4817-4561-AAA3-035F918A07CF}.Debug|x64.Build.0 = Debug|x64
		{C198F8A6-4817-4561-AAA3-035F918A07CF}.Debug|x86.ActiveCfg = Debug|Win32
		{C198F8A6-4817-4561-AAA3-035F918A07CF}.Debug|x86.Build.0 = Debug|Win32
		{C198F8A6-4817-4561-AAA3-035F918A07CF}.Release|x64.ActiveCfg = Release|x64
		{C198F8A6-4817-4561-AAA3-035F918A07CF}.Release|x64.Build.0 = Release|x64
		{C198F8A6-4817-4561-AAA3-035F918A07CF}.Release|x86.ActiveCfg = Release|Win32
		{C198F8A6-4817-4561-AAA3-035F918A07CF}.Release|x86.Build.0 = Release|Win32
		{CC7E090D-866F-4DED-BE79-622567558841}.Debug|x64.ActiveCfg = Debug|x64
		{CC7E090D-866F-4DED-BE79-622567558841}.Debug|x64.Build.0 = Debug|x64
		{CC7E090D-866F-4DED-BE79-622567558841}.Debug|x86.ActiveCfg = Debug|Win32
		{CC7E090D-866F-4DED-BE79-622567558841}.Debug|x86.Build.0 = Debug|Win32
		{CC7E090D-866F-4DED-BE79-622567558841}.Release|x64.ActiveCfg = Release|x64
		{CC7E090D-866F-4DED-BE79-622567558841}.Release|x64.Build.0 = Release|x64
		{CC7E090D-866F-4DED-BE79-622567558841}.Release|x86.ActiveCfg = Release|Win32
		{CC7E090D-866F-4DED-BE79-622567558841}.Release|x86.Build.0 = Release|Win32
	EndGlobalSection
	GlobalSection(SolutionProperties) = preSolution
		HideSolutionNode = FALSE
	EndGlobalSection
	GlobalSection(NestedProjects) = preSolution
		{C67A312D-8971-4B9F-857C-037B5546320E} = {CE2657CA-ADDC-4553-8BDB-5CB6092E021F}
		{1323706B-332B-4519-88BF-15C1CD15031A} = {E7DB7FD8-75C2-4EE6-9B47-629C3D38A9C6}
		{A2BD4674-1E00-406C-A3C8-C8F6BE1284BE} = {E7DB7FD8-75C2-4EE6-9B47-629C3D38A9C6}
		{B79A48A9-4BD3-4676-ABD1-4D2171E54625} = {CE2657CA-ADDC-4553-8BDB-5CB6092E021F}
		{B8EF7F58-868D-477D-97B3-3869C923BFE5} = {F0F1EA95-C250-45DC-95DF-F4432C76EF57}
		{32FF3B62-C184-46C6-AD62-DDCF7961BC80} = {CE2657CA-ADDC-4553-8BDB-5CB6092E021F}
		{808A8D41-A193-485F-805B-9B4A744F7788} = {83BDAA3D-F1C0-4EFC-A660-690552F61E04}
		{8480B00E-4FC2-4C07-B987-47FB02FDB1F6} = {83BDAA3D-F1C0-4EFC-A660-690552F61E04}
		{72B53B1B-CB06-4422-9FAB-1B58FFCE8F61} = {83BDAA3D-F1C0-4EFC-A660-690552F61E04}
		{36302B7D-3BD0-4F91-981C-17C3AB62FFA1} = {83BDAA3D-F1C0-4EFC-A660-690552F61E04}
		{62005CA4-8BE0-45C3-B3FF-73F929998380} = {83BDAA3D-F1C0-4EFC-A660-690552F61E04}
		{68FDCA68-6C03-4973-8ED7-37EDE64E77CF} = {83BDAA3D-F1C0-4EFC-A660-690552F61E04}
		{E1468F79-F229-4FCC-8B76-1E860926582D} = {83BDAA3D-F1C0-4EFC-A660-690552F61E04}
		{1A0EBA80-6B97-4E10-9DAB-10FFD82E0BFC} = {83BDAA3D-F1C0-4EFC-A660-690552F61E04}
		{A9C5CE8C-300F-48A7-B45D-F20F783CB480} = {83BDAA3D-F1C0-4EFC-A660-690552F61E04}
		{2CF939D8-9283-4E70-AF82-A4CA2C26CC8B} = {33255CA3-DEE3-4281-9A49-AC1267D648F5}
		{64DE0B94-760D-4385-8664-BDE02CCAC35C} = {33255CA3-DEE3-4281-9A49-AC1267D648F5}
		{7640323A-A7F0-4DB9-9190-557A044234BB} = {33255CA3-DEE3-4281-9A49-AC1267D648F5}
		{B979E525-E4AC-4001-9F52-7CB26EDFEB7D} = {33255CA3-DEE3-4281-9A49-AC1267D648F5}
		{C198F8A6-4817-4561-AAA3-035F918A07CF} = {33255CA3-DEE3-4281-9A49-AC1267D648F5}
		{CC7E090D-866F-4DED-BE79-622567558841} = {33255CA3-DEE3-4281-9A49-AC1267D648F5}
	EndGlobalSection
	GlobalSection(ExtensibilityGlobals) = postSolution
		SolutionGuid = {69144363-D637-4A60-A845-FA5493BD1401}
	EndGlobalSection
EndGlobal
